{
  "name": "realiitii",
  "version": "0.1.0",
  "lockfileVersion": 1,
  "requires": true,
  "dependencies": {
    "aframe-react": {
      "version": "4.4.0",
      "resolved": "https://registry.npmjs.org/aframe-react/-/aframe-react-4.4.0.tgz",
      "integrity": "sha512-/3C0fhCRJywLSP7JsZM/nG/bGQxbt8oEnRK3DLOUmcCtd6xulpwOf8i/Mb0Mbg/U77Y097wdSZ0mVXgEL2+u4Q=="
    }
  }
}
